
Microsoft Visual Studio Solution File, Format Version 12.00
# Visual Studio Version 17
VisualStudioVersion = 17.2.32630.192
MinimumVisualStudioVersion = 10.0.40219.1
Project("{FAE04EC0-301F-11D3-BF4B-00C04F79EFBC}") = "PRG282_Project_Group8", "PRG282_Project_Group8.csproj", "{473622A4-F44D-4FB5-9B89-E5D1528BBCB6}"
EndProject
Global
	GlobalSection(SolutionConfigurationPlatforms) = preSolution
		Debug|Any CPU = Debug|Any CPU
		Release|Any CPU = Release|Any CPU
	EndGlobalSection
	GlobalSection(ProjectConfigurationPlatforms) = postSolution
		{473622A4-F44D-4FB5-9B89-E5D1528BBCB6}.Debug|Any CPU.ActiveCfg = Debug|Any CPU
		{473622A4-F44D-4FB5-9B89-E5D1528BBCB6}.Debug|Any CPU.Build.0 = Debug|Any CPU
		{473622A4-F44D-4FB5-9B89-E5D1528BBCB6}.Release|Any CPU.ActiveCfg = Release|Any CPU
		{473622A4-F44D-4FB5-9B89-E5D1528BBCB6}.Release|Any CPU.Build.0 = Release|Any CPU
	EndGlobalSection
	GlobalSection(SolutionProperties) = preSolution
		HideSolutionNode = FALSE
	EndGlobalSection
	GlobalSection(ExtensibilityGlobals) = postSolution
		SolutionGuid = {8A4AD480-6AF6-4756-A46E-D89E259C9DE0}
	EndGlobalSection
EndGlobal
